
Microsoft Visual Studio Solution File, Format Version 12.00
# Visual Studio 14
VisualStudioVersion = 14.0.25123.0
MinimumVisualStudioVersion = 10.0.40219.1
Project("{FAE04EC0-301F-11D3-BF4B-00C04F79EFBC}") = "TicTacToeTest", "TicTacToeTest\TicTacToeTest.csproj", "{5186BF5B-4195-4815-81B1-9C0DA663EA22}"
EndProject
Project("{FAE04EC0-301F-11D3-BF4B-00C04F79EFBC}") = "TicTacToeEngine", "TicTacToeEngine\TicTacToeEngine.csproj", "{A493E973-0472-4852-9D0B-E2EFB3F32068}"
EndProject
Global
	GlobalSection(SolutionConfigurationPlatforms) = preSolution
		Debug|Any CPU = Debug|Any CPU
		Release|Any CPU = Release|Any CPU
	EndGlobalSection
	GlobalSection(ProjectConfigurationPlatforms) = postSolution
		{5186BF5B-4195-4815-81B1-9C0DA663EA22}.Debug|Any CPU.ActiveCfg = Debug|Any CPU
		{5186BF5B-4195-4815-81B1-9C0DA663EA22}.Debug|Any CPU.Build.0 = Debug|Any CPU
		{5186BF5B-4195-4815-81B1-9C0DA663EA22}.Release|Any CPU.ActiveCfg = Release|Any CPU
		{5186BF5B-4195-4815-81B1-9C0DA663EA22}.Release|Any CPU.Build.0 = Release|Any CPU
		{A493E973-0472-4852-9D0B-E2EFB3F32068}.Debug|Any CPU.ActiveCfg = Debug|Any CPU
		{A493E973-0472-4852-9D0B-E2EFB3F32068}.Debug|Any CPU.Build.0 = Debug|Any CPU
		{A493E973-0472-4852-9D0B-E2EFB3F32068}.Release|Any CPU.ActiveCfg = Release|Any CPU
		{A493E973-0472-4852-9D0B-E2EFB3F32068}.Release|Any CPU.Build.0 = Release|Any CPU
	EndGlobalSection
	GlobalSection(SolutionProperties) = preSolution
		HideSolutionNode = FALSE
	EndGlobalSection
EndGlobal
